
Microsoft Visual Studio Solution File, Format Version 12.00
# Visual Studio Version 17
VisualStudioVersion = 17.1.32421.90
MinimumVisualStudioVersion = 10.0.40219.1
Project("{FAE04EC0-301F-11D3-BF4B-00C04F79EFBC}") = "LocalDevicesDetection", "LocalDevicesDetection\LocalDevicesDetection.csproj", "{F4D02D71-B5A3-460B-87F0-F09B566C6134}"
EndProject
Global
	GlobalSection(SolutionConfigurationPlatforms) = preSolution
		Debug|Any CPU = Debug|Any CPU
		Release|Any CPU = Release|Any CPU
	EndGlobalSection
	GlobalSection(ProjectConfigurationPlatforms) = postSolution
		{F4D02D71-B5A3-460B-87F0-F09B566C6134}.Debug|Any CPU.ActiveCfg = Debug|Any CPU
		{F4D02D71-B5A3-460B-87F0-F09B566C6134}.Debug|Any CPU.Build.0 = Debug|Any CPU
		{F4D02D71-B5A3-460B-87F0-F09B566C6134}.Release|Any CPU.ActiveCfg = Release|Any CPU
		{F4D02D71-B5A3-460B-87F0-F09B566C6134}.Release|Any CPU.Build.0 = Release|Any CPU
	EndGlobalSection
	GlobalSection(SolutionProperties) = preSolution
		HideSolutionNode = FALSE
	EndGlobalSection
	GlobalSection(ExtensibilityGlobals) = postSolution
		SolutionGuid = {EEB7E6ED-ADEA-4D80-AC64-E2FB1583BC8B}
	EndGlobalSection
EndGlobal
